
Microsoft Visual Studio Solution File, Format Version 12.00
# Visual Studio Version 17
VisualStudioVersion = 17.1.32407.343
MinimumVisualStudioVersion = 10.0.40219.1
Project("{FAE04EC0-301F-11D3-BF4B-00C04F79EFBC}") = "Working_With_Model_Author", "Working_With_Model_Author.csproj", "{3BD680DA-EFF9-494A-995E-1969F04E4D92}"
EndProject
Global
	GlobalSection(SolutionConfigurationPlatforms) = preSolution
		Debug|Any CPU = Debug|Any CPU
		Release|Any CPU = Release|Any CPU
	EndGlobalSection
	GlobalSection(ProjectConfigurationPlatforms) = postSolution
		{3BD680DA-EFF9-494A-995E-1969F04E4D92}.Debug|Any CPU.ActiveCfg = Debug|Any CPU
		{3BD680DA-EFF9-494A-995E-1969F04E4D92}.Debug|Any CPU.Build.0 = Debug|Any CPU
		{3BD680DA-EFF9-494A-995E-1969F04E4D92}.Release|Any CPU.ActiveCfg = Release|Any CPU
		{3BD680DA-EFF9-494A-995E-1969F04E4D92}.Release|Any CPU.Build.0 = Release|Any CPU
	EndGlobalSection
	GlobalSection(SolutionProperties) = preSolution
		HideSolutionNode = FALSE
	EndGlobalSection
	GlobalSection(ExtensibilityGlobals) = postSolution
		SolutionGuid = {5831B86C-5AE8-490C-A3D1-3518D450614A}
	EndGlobalSection
EndGlobal
